
Microsoft Visual Studio Solution File, Format Version 12.00
# Visual Studio 14
VisualStudioVersion = 14.0.25420.1
MinimumVisualStudioVersion = 10.0.40219.1
Project("{D954291E-2A0B-460D-934E-DC6B0785DB48}") = "TimeTable", "TimeTable\TimeTable\TimeTable.shproj", "{AB2B3529-FE9A-4408-8797-608A1FF20D34}"
EndProject
Project("{FAE04EC0-301F-11D3-BF4B-00C04F79EFBC}") = "TimeTable.Droid", "TimeTable\TimeTable.Droid\TimeTable.Droid.csproj", "{4F4412E5-F508-4A06-B6A8-04EA0B698D60}"
EndProject
Project("{FAE04EC0-301F-11D3-BF4B-00C04F79EFBC}") = "TimeTable.iOS", "TimeTable\TimeTable.iOS\TimeTable.iOS.csproj", "{0A5DEAA6-6C31-4395-881B-B86214CB358C}"
EndProject
Global
	GlobalSection(SharedMSBuildProjectFiles) = preSolution
		TimeTable\TimeTable\TimeTable.projitems*{0a5deaa6-6c31-4395-881b-b86214cb358c}*SharedItemsImports = 4
		TimeTable\TimeTable\TimeTable.projitems*{4f4412e5-f508-4a06-b6a8-04ea0b698d60}*SharedItemsImports = 4
		TimeTable\TimeTable\TimeTable.projitems*{ab2b3529-fe9a-4408-8797-608a1ff20d34}*SharedItemsImports = 13
	EndGlobalSection
	GlobalSection(SolutionConfigurationPlatforms) = preSolution
		Ad-Hoc|Any CPU = Ad-Hoc|Any CPU
		Ad-Hoc|iPhone = Ad-Hoc|iPhone
		Ad-Hoc|iPhoneSimulator = Ad-Hoc|iPhoneSimulator
		AppStore|Any CPU = AppStore|Any CPU
		AppStore|iPhone = AppStore|iPhone
		AppStore|iPhoneSimulator = AppStore|iPhoneSimulator
		Debug|Any CPU = Debug|Any CPU
		Debug|iPhone = Debug|iPhone
		Debug|iPhoneSimulator = Debug|iPhoneSimulator
		Release|Any CPU = Release|Any CPU
		Release|iPhone = Release|iPhone
		Release|iPhoneSimulator = Release|iPhoneSimulator
	EndGlobalSection
	GlobalSection(ProjectConfigurationPlatforms) = postSolution
		{4F4412E5-F508-4A06-B6A8-04EA0B698D60}.Ad-Hoc|Any CPU.ActiveCfg = Release|Any CPU
		{4F4412E5-F508-4A06-B6A8-04EA0B698D60}.Ad-Hoc|Any CPU.Build.0 = Release|Any CPU
		{4F4412E5-F508-4A06-B6A8-04EA0B698D60}.Ad-Hoc|Any CPU.Deploy.0 = Release|Any CPU
		{4F4412E5-F508-4A06-B6A8-04EA0B698D60}.Ad-Hoc|iPhone.ActiveCfg = Release|Any CPU
		{4F4412E5-F508-4A06-B6A8-04EA0B698D60}.Ad-Hoc|iPhone.Build.0 = Release|Any CPU
		{4F4412E5-F508-4A06-B6A8-04EA0B698D60}.Ad-Hoc|iPhone.Deploy.0 = Release|Any CPU
		{4F4412E5-F508-4A06-B6A8-04EA0B698D60}.Ad-Hoc|iPhoneSimulator.ActiveCfg = Release|Any CPU
		{4F4412E5-F508-4A06-B6A8-04EA0B698D60}.Ad-Hoc|iPhoneSimulator.Build.0 = Release|Any CPU
		{4F4412E5-F508-4A06-B6A8-04EA0B698D60}.Ad-Hoc|iPhoneSimulator.Deploy.0 = Release|Any CPU
		{4F4412E5-F508-4A06-B6A8-04EA0B698D60}.AppStore|Any CPU.ActiveCfg = Release|Any CPU
		{4F4412E5-F508-4A06-B6A8-04EA0B698D60}.AppStore|Any CPU.Build.0 = Release|Any CPU
		{4F4412E5-F508-4A06-B6A8-04EA0B698D60}.AppStore|Any CPU.Deploy.0 = Release|Any CPU
		{4F4412E5-F508-4A06-B6A8-04EA0B698D60}.AppStore|iPhone.ActiveCfg = Release|Any CPU
		{4F4412E5-F508-4A06-B6A8-04EA0B698D60}.AppStore|iPhone.Build.0 = Release|Any CPU
		{4F4412E5-F508-4A06-B6A8-04EA0B698D60}.AppStore|iPhone.Deploy.0 = Release|Any CPU
		{4F4412E5-F508-4A06-B6A8-04EA0B698D60}.AppStore|iPhoneSimulator.ActiveCfg = Release|Any CPU
		{4F4412E5-F508-4A06-B6A8-04EA0B698D60}.AppStore|iPhoneSimulator.Build.0 = Release|Any CPU
		{4F4412E5-F508-4A06-B6A8-04EA0B698D60}.AppStore|iPhoneSimulator.Deploy.0 = Release|Any CPU
		{4F4412E5-F508-4A06-B6A8-04EA0B698D60}.Debug|Any CPU.ActiveCfg = Debug|Any CPU
		{4F4412E5-F508-4A06-B6A8-04EA0B698D60}.Debug|Any CPU.Build.0 = Debug|Any CPU
		{4F4412E5-F508-4A06-B6A8-04EA0B698D60}.Debug|Any CPU.Deploy.0 = Debug|Any CPU
		{4F4412E5-F508-4A06-B6A8-04EA0B698D60}.Debug|iPhone.ActiveCfg = Debug|Any CPU
		{4F4412E5-F508-4A06-B6A8-04EA0B698D60}.Debug|iPhone.Build.0 = Debug|Any CPU
		{4F4412E5-F508-4A06-B6A8-04EA0B698D60}.Debug|iPhone.Deploy.0 = Debug|Any CPU
		{4F4412E5-F508-4A06-B6A8-04EA0B698D60}.Debug|iPhoneSimulator.ActiveCfg = Debug|Any CPU
		{4F4412E5-F508-4A06-B6A8-04EA0B698D60}.Debug|iPhoneSimulator.Build.0 = Debug|Any CPU
		{4F4412E5-F508-4A06-B6A8-04EA0B698D60}.Debug|iPhoneSimulator.Deploy.0 = Debug|Any CPU
		{4F4412E5-F508-4A06-B6A8-04EA0B698D60}.Release|Any CPU.ActiveCfg = Release|Any CPU
		{4F4412E5-F508-4A06-B6A8-04EA0B698D60}.Release|Any CPU.Build.0 = Release|Any CPU
		{4F4412E5-F508-4A06-B6A8-04EA0B698D60}.Release|Any CPU.Deploy.0 = Release|Any CPU
		{4F4412E5-F508-4A06-B6A8-04EA0B698D60}.Release|iPhone.ActiveCfg = Release|Any CPU
		{4F4412E5-F508-4A06-B6A8-04EA0B698D60}.Release|iPhone.Build.0 = Release|Any CPU
		{4F4412E5-F508-4A06-B6A8-04EA0B698D60}.Release|iPhone.Deploy.0 = Release|Any CPU
		{4F4412E5-F508-4A06-B6A8-04EA0B698D60}.Release|iPhoneSimulator.ActiveCfg = Release|Any CPU
		{4F4412E5-F508-4A06-B6A8-04EA0B698D60}.Release|iPhoneSimulator.Build.0 = Release|Any CPU
		{4F4412E5-F508-4A06-B6A8-04EA0B698D60}.Release|iPhoneSimulator.Deploy.0 = Release|Any CPU
		{0A5DEAA6-6C31-4395-881B-B86214CB358C}.Ad-Hoc|Any CPU.ActiveCfg = Ad-Hoc|iPhone
		{0A5DEAA6-6C31-4395-881B-B86214CB358C}.Ad-Hoc|iPhone.ActiveCfg = Ad-Hoc|iPhone
		{0A5DEAA6-6C31-4395-881B-B86214CB358C}.Ad-Hoc|iPhone.Build.0 = Ad-Hoc|iPhone
		{0A5DEAA6-6C31-4395-881B-B86214CB358C}.Ad-Hoc|iPhoneSimulator.ActiveCfg = Ad-Hoc|iPhoneSimulator
		{0A5DEAA6-6C31-4395-881B-B86214CB358C}.Ad-Hoc|iPhoneSimulator.Build.0 = Ad-Hoc|iPhoneSimulator
		{0A5DEAA6-6C31-4395-881B-B86214CB358C}.AppStore|Any CPU.ActiveCfg = AppStore|iPhone
		{0A5DEAA6-6C31-4395-881B-B86214CB358C}.AppStore|iPhone.ActiveCfg = AppStore|iPhone
		{0A5DEAA6-6C31-4395-881B-B86214CB358C}.AppStore|iPhone.Build.0 = AppStore|iPhone
		{0A5DEAA6-6C31-4395-881B-B86214CB358C}.AppStore|iPhoneSimulator.ActiveCfg = AppStore|iPhoneSimulator
		{0A5DEAA6-6C31-4395-881B-B86214CB358C}.AppStore|iPhoneSimulator.Build.0 = AppStore|iPhoneSimulator
		{0A5DEAA6-6C31-4395-881B-B86214CB358C}.Debug|Any CPU.ActiveCfg = Debug|iPhoneSimulator
		{0A5DEAA6-6C31-4395-881B-B86214CB358C}.Debug|Any CPU.Build.0 = Debug|iPhoneSimulator
		{0A5DEAA6-6C31-4395-881B-B86214CB358C}.Debug|iPhone.ActiveCfg = Debug|iPhone
		{0A5DEAA6-6C31-4395-881B-B86214CB358C}.Debug|iPhone.Build.0 = Debug|iPhone
		{0A5DEAA6-6C31-4395-881B-B86214CB358C}.Debug|iPhone.Deploy.0 = Debug|iPhone
		{0A5DEAA6-6C31-4395-881B-B86214CB358C}.Debug|iPhoneSimulator.ActiveCfg = Debug|iPhoneSimulator
		{0A5DEAA6-6C31-4395-881B-B86214CB358C}.Debug|iPhoneSimulator.Build.0 = Debug|iPhoneSimulator
		{0A5DEAA6-6C31-4395-881B-B86214CB358C}.Release|Any CPU.ActiveCfg = Release|iPhone
		{0A5DEAA6-6C31-4395-881B-B86214CB358C}.Release|iPhone.ActiveCfg = Release|iPhone
		{0A5DEAA6-6C31-4395-881B-B86214CB358C}.Release|iPhone.Build.0 = Release|iPhone
		{0A5DEAA6-6C31-4395-881B-B86214CB358C}.Release|iPhoneSimulator.ActiveCfg = Release|iPhoneSimulator
		{0A5DEAA6-6C31-4395-881B-B86214CB358C}.Release|iPhoneSimulator.Build.0 = Release|iPhoneSimulator
	EndGlobalSection
	GlobalSection(SolutionProperties) = preSolution
		HideSolutionNode = FALSE
	EndGlobalSection
EndGlobal
