
Microsoft Visual Studio Solution File, Format Version 12.00
# Visual Studio 15
VisualStudioVersion = 15.0.26730.12
MinimumVisualStudioVersion = 10.0.40219.1
Project("{FAE04EC0-301F-11D3-BF4B-00C04F79EFBC}") = "TestXamarin.Android", "TestXamarin\TestXamarin.Android\TestXamarin.Android.csproj", "{F7CECD96-A753-43B2-A3E1-D8F4FD77BEA1}"
EndProject
Project("{FAE04EC0-301F-11D3-BF4B-00C04F79EFBC}") = "TestXamarin", "TestXamarin\TestXamarin\TestXamarin.csproj", "{5334072A-EC5F-4E13-B807-35A7090A391A}"
EndProject
Project("{FAE04EC0-301F-11D3-BF4B-00C04F79EFBC}") = "TestXamarin.iOS", "TestXamarin\TestXamarin.iOS\TestXamarin.iOS.csproj", "{3ED525EA-9885-4DB9-B40F-E6ADD3D72915}"
EndProject
Project("{FAE04EC0-301F-11D3-BF4B-00C04F79EFBC}") = "TestXamarin.ConnectionLibrary", "TestXamarin.ConnectionLibrary\TestXamarin.ConnectionLibrary.csproj", "{1A2CE617-ADB2-4FD9-94D6-7A581BF74DEE}"
EndProject
Project("{FAE04EC0-301F-11D3-BF4B-00C04F79EFBC}") = "TestXamarin.ConnectionLibrary.Server", "TestXamarin.ConnectionLibrary.Server\TestXamarin.ConnectionLibrary.Server.csproj", "{BAD353DA-B96A-40DA-A4EE-795F045DA560}"
EndProject
Project("{FAE04EC0-301F-11D3-BF4B-00C04F79EFBC}") = "TestXamarin.ConnectionLibrary.Client", "TestXamarin.ConnectionLibrary.Client\TestXamarin.ConnectionLibrary.Client.csproj", "{36355591-C505-4245-BD86-605B54E9004C}"
EndProject
Global
	GlobalSection(SolutionConfigurationPlatforms) = preSolution
		Ad-Hoc|Any CPU = Ad-Hoc|Any CPU
		Ad-Hoc|iPhone = Ad-Hoc|iPhone
		Ad-Hoc|iPhoneSimulator = Ad-Hoc|iPhoneSimulator
		AppStore|Any CPU = AppStore|Any CPU
		AppStore|iPhone = AppStore|iPhone
		AppStore|iPhoneSimulator = AppStore|iPhoneSimulator
		Debug|Any CPU = Debug|Any CPU
		Debug|iPhone = Debug|iPhone
		Debug|iPhoneSimulator = Debug|iPhoneSimulator
		Release|Any CPU = Release|Any CPU
		Release|iPhone = Release|iPhone
		Release|iPhoneSimulator = Release|iPhoneSimulator
	EndGlobalSection
	GlobalSection(ProjectConfigurationPlatforms) = postSolution
		{F7CECD96-A753-43B2-A3E1-D8F4FD77BEA1}.Ad-Hoc|Any CPU.ActiveCfg = Release|Any CPU
		{F7CECD96-A753-43B2-A3E1-D8F4FD77BEA1}.Ad-Hoc|Any CPU.Build.0 = Release|Any CPU
		{F7CECD96-A753-43B2-A3E1-D8F4FD77BEA1}.Ad-Hoc|Any CPU.Deploy.0 = Release|Any CPU
		{F7CECD96-A753-43B2-A3E1-D8F4FD77BEA1}.Ad-Hoc|iPhone.ActiveCfg = Release|Any CPU
		{F7CECD96-A753-43B2-A3E1-D8F4FD77BEA1}.Ad-Hoc|iPhone.Build.0 = Release|Any CPU
		{F7CECD96-A753-43B2-A3E1-D8F4FD77BEA1}.Ad-Hoc|iPhone.Deploy.0 = Release|Any CPU
		{F7CECD96-A753-43B2-A3E1-D8F4FD77BEA1}.Ad-Hoc|iPhoneSimulator.ActiveCfg = Release|Any CPU
		{F7CECD96-A753-43B2-A3E1-D8F4FD77BEA1}.Ad-Hoc|iPhoneSimulator.Build.0 = Release|Any CPU
		{F7CECD96-A753-43B2-A3E1-D8F4FD77BEA1}.Ad-Hoc|iPhoneSimulator.Deploy.0 = Release|Any CPU
		{F7CECD96-A753-43B2-A3E1-D8F4FD77BEA1}.AppStore|Any CPU.ActiveCfg = Release|Any CPU
		{F7CECD96-A753-43B2-A3E1-D8F4FD77BEA1}.AppStore|Any CPU.Build.0 = Release|Any CPU
		{F7CECD96-A753-43B2-A3E1-D8F4FD77BEA1}.AppStore|Any CPU.Deploy.0 = Release|Any CPU
		{F7CECD96-A753-43B2-A3E1-D8F4FD77BEA1}.AppStore|iPhone.ActiveCfg = Release|Any CPU
		{F7CECD96-A753-43B2-A3E1-D8F4FD77BEA1}.AppStore|iPhone.Build.0 = Release|Any CPU
		{F7CECD96-A753-43B2-A3E1-D8F4FD77BEA1}.AppStore|iPhone.Deploy.0 = Release|Any CPU
		{F7CECD96-A753-43B2-A3E1-D8F4FD77BEA1}.AppStore|iPhoneSimulator.ActiveCfg = Release|Any CPU
		{F7CECD96-A753-43B2-A3E1-D8F4FD77BEA1}.AppStore|iPhoneSimulator.Build.0 = Release|Any CPU
		{F7CECD96-A753-43B2-A3E1-D8F4FD77BEA1}.AppStore|iPhoneSimulator.Deploy.0 = Release|Any CPU
		{F7CECD96-A753-43B2-A3E1-D8F4FD77BEA1}.Debug|Any CPU.ActiveCfg = Debug|Any CPU
		{F7CECD96-A753-43B2-A3E1-D8F4FD77BEA1}.Debug|Any CPU.Build.0 = Debug|Any CPU
		{F7CECD96-A753-43B2-A3E1-D8F4FD77BEA1}.Debug|Any CPU.Deploy.0 = Debug|Any CPU
		{F7CECD96-A753-43B2-A3E1-D8F4FD77BEA1}.Debug|iPhone.ActiveCfg = Debug|Any CPU
		{F7CECD96-A753-43B2-A3E1-D8F4FD77BEA1}.Debug|iPhone.Build.0 = Debug|Any CPU
		{F7CECD96-A753-43B2-A3E1-D8F4FD77BEA1}.Debug|iPhone.Deploy.0 = Debug|Any CPU
		{F7CECD96-A753-43B2-A3E1-D8F4FD77BEA1}.Debug|iPhoneSimulator.ActiveCfg = Debug|Any CPU
		{F7CECD96-A753-43B2-A3E1-D8F4FD77BEA1}.Debug|iPhoneSimulator.Build.0 = Debug|Any CPU
		{F7CECD96-A753-43B2-A3E1-D8F4FD77BEA1}.Debug|iPhoneSimulator.Deploy.0 = Debug|Any CPU
		{F7CECD96-A753-43B2-A3E1-D8F4FD77BEA1}.Release|Any CPU.ActiveCfg = Release|Any CPU
		{F7CECD96-A753-43B2-A3E1-D8F4FD77BEA1}.Release|Any CPU.Build.0 = Release|Any CPU
		{F7CECD96-A753-43B2-A3E1-D8F4FD77BEA1}.Release|Any CPU.Deploy.0 = Release|Any CPU
		{F7CECD96-A753-43B2-A3E1-D8F4FD77BEA1}.Release|iPhone.ActiveCfg = Release|Any CPU
		{F7CECD96-A753-43B2-A3E1-D8F4FD77BEA1}.Release|iPhone.Build.0 = Release|Any CPU
		{F7CECD96-A753-43B2-A3E1-D8F4FD77BEA1}.Release|iPhone.Deploy.0 = Release|Any CPU
		{F7CECD96-A753-43B2-A3E1-D8F4FD77BEA1}.Release|iPhoneSimulator.ActiveCfg = Release|Any CPU
		{F7CECD96-A753-43B2-A3E1-D8F4FD77BEA1}.Release|iPhoneSimulator.Build.0 = Release|Any CPU
		{F7CECD96-A753-43B2-A3E1-D8F4FD77BEA1}.Release|iPhoneSimulator.Deploy.0 = Release|Any CPU
		{5334072A-EC5F-4E13-B807-35A7090A391A}.Ad-Hoc|Any CPU.ActiveCfg = Release|Any CPU
		{5334072A-EC5F-4E13-B807-35A7090A391A}.Ad-Hoc|Any CPU.Build.0 = Release|Any CPU
		{5334072A-EC5F-4E13-B807-35A7090A391A}.Ad-Hoc|iPhone.ActiveCfg = Release|Any CPU
		{5334072A-EC5F-4E13-B807-35A7090A391A}.Ad-Hoc|iPhone.Build.0 = Release|Any CPU
		{5334072A-EC5F-4E13-B807-35A7090A391A}.Ad-Hoc|iPhoneSimulator.ActiveCfg = Release|Any CPU
		{5334072A-EC5F-4E13-B807-35A7090A391A}.Ad-Hoc|iPhoneSimulator.Build.0 = Release|Any CPU
		{5334072A-EC5F-4E13-B807-35A7090A391A}.AppStore|Any CPU.ActiveCfg = Release|Any CPU
		{5334072A-EC5F-4E13-B807-35A7090A391A}.AppStore|Any CPU.Build.0 = Release|Any CPU
		{5334072A-EC5F-4E13-B807-35A7090A391A}.AppStore|iPhone.ActiveCfg = Release|Any CPU
		{5334072A-EC5F-4E13-B807-35A7090A391A}.AppStore|iPhone.Build.0 = Release|Any CPU
		{5334072A-EC5F-4E13-B807-35A7090A391A}.AppStore|iPhoneSimulator.ActiveCfg = Release|Any CPU
		{5334072A-EC5F-4E13-B807-35A7090A391A}.AppStore|iPhoneSimulator.Build.0 = Release|Any CPU
		{5334072A-EC5F-4E13-B807-35A7090A391A}.Debug|Any CPU.ActiveCfg = Debug|Any CPU
		{5334072A-EC5F-4E13-B807-35A7090A391A}.Debug|Any CPU.Build.0 = Debug|Any CPU
		{5334072A-EC5F-4E13-B807-35A7090A391A}.Debug|iPhone.ActiveCfg = Debug|Any CPU
		{5334072A-EC5F-4E13-B807-35A7090A391A}.Debug|iPhone.Build.0 = Debug|Any CPU
		{5334072A-EC5F-4E13-B807-35A7090A391A}.Debug|iPhoneSimulator.ActiveCfg = Debug|Any CPU
		{5334072A-EC5F-4E13-B807-35A7090A391A}.Debug|iPhoneSimulator.Build.0 = Debug|Any CPU
		{5334072A-EC5F-4E13-B807-35A7090A391A}.Release|Any CPU.ActiveCfg = Release|Any CPU
		{5334072A-EC5F-4E13-B807-35A7090A391A}.Release|Any CPU.Build.0 = Release|Any CPU
		{5334072A-EC5F-4E13-B807-35A7090A391A}.Release|iPhone.ActiveCfg = Release|Any CPU
		{5334072A-EC5F-4E13-B807-35A7090A391A}.Release|iPhone.Build.0 = Release|Any CPU
		{5334072A-EC5F-4E13-B807-35A7090A391A}.Release|iPhoneSimulator.ActiveCfg = Release|Any CPU
		{5334072A-EC5F-4E13-B807-35A7090A391A}.Release|iPhoneSimulator.Build.0 = Release|Any CPU
		{3ED525EA-9885-4DB9-B40F-E6ADD3D72915}.Ad-Hoc|Any CPU.ActiveCfg = Ad-Hoc|iPhone
		{3ED525EA-9885-4DB9-B40F-E6ADD3D72915}.Ad-Hoc|iPhone.ActiveCfg = Ad-Hoc|iPhone
		{3ED525EA-9885-4DB9-B40F-E6ADD3D72915}.Ad-Hoc|iPhone.Build.0 = Ad-Hoc|iPhone
		{3ED525EA-9885-4DB9-B40F-E6ADD3D72915}.Ad-Hoc|iPhoneSimulator.ActiveCfg = Ad-Hoc|iPhoneSimulator
		{3ED525EA-9885-4DB9-B40F-E6ADD3D72915}.Ad-Hoc|iPhoneSimulator.Build.0 = Ad-Hoc|iPhoneSimulator
		{3ED525EA-9885-4DB9-B40F-E6ADD3D72915}.AppStore|Any CPU.ActiveCfg = AppStore|iPhone
		{3ED525EA-9885-4DB9-B40F-E6ADD3D72915}.AppStore|iPhone.ActiveCfg = AppStore|iPhone
		{3ED525EA-9885-4DB9-B40F-E6ADD3D72915}.AppStore|iPhone.Build.0 = AppStore|iPhone
		{3ED525EA-9885-4DB9-B40F-E6ADD3D72915}.AppStore|iPhoneSimulator.ActiveCfg = AppStore|iPhoneSimulator
		{3ED525EA-9885-4DB9-B40F-E6ADD3D72915}.AppStore|iPhoneSimulator.Build.0 = AppStore|iPhoneSimulator
		{3ED525EA-9885-4DB9-B40F-E6ADD3D72915}.Debug|Any CPU.ActiveCfg = Debug|iPhone
		{3ED525EA-9885-4DB9-B40F-E6ADD3D72915}.Debug|iPhone.ActiveCfg = Debug|iPhone
		{3ED525EA-9885-4DB9-B40F-E6ADD3D72915}.Debug|iPhone.Build.0 = Debug|iPhone
		{3ED525EA-9885-4DB9-B40F-E6ADD3D72915}.Debug|iPhoneSimulator.ActiveCfg = Debug|iPhoneSimulator
		{3ED525EA-9885-4DB9-B40F-E6ADD3D72915}.Debug|iPhoneSimulator.Build.0 = Debug|iPhoneSimulator
		{3ED525EA-9885-4DB9-B40F-E6ADD3D72915}.Release|Any CPU.ActiveCfg = Release|iPhone
		{3ED525EA-9885-4DB9-B40F-E6ADD3D72915}.Release|iPhone.ActiveCfg = Release|iPhone
		{3ED525EA-9885-4DB9-B40F-E6ADD3D72915}.Release|iPhone.Build.0 = Release|iPhone
		{3ED525EA-9885-4DB9-B40F-E6ADD3D72915}.Release|iPhoneSimulator.ActiveCfg = Release|iPhoneSimulator
		{3ED525EA-9885-4DB9-B40F-E6ADD3D72915}.Release|iPhoneSimulator.Build.0 = Release|iPhoneSimulator
		{1A2CE617-ADB2-4FD9-94D6-7A581BF74DEE}.Ad-Hoc|Any CPU.ActiveCfg = Release|Any CPU
		{1A2CE617-ADB2-4FD9-94D6-7A581BF74DEE}.Ad-Hoc|Any CPU.Build.0 = Release|Any CPU
		{1A2CE617-ADB2-4FD9-94D6-7A581BF74DEE}.Ad-Hoc|iPhone.ActiveCfg = Release|Any CPU
		{1A2CE617-ADB2-4FD9-94D6-7A581BF74DEE}.Ad-Hoc|iPhone.Build.0 = Release|Any CPU
		{1A2CE617-ADB2-4FD9-94D6-7A581BF74DEE}.Ad-Hoc|iPhoneSimulator.ActiveCfg = Release|Any CPU
		{1A2CE617-ADB2-4FD9-94D6-7A581BF74DEE}.Ad-Hoc|iPhoneSimulator.Build.0 = Release|Any CPU
		{1A2CE617-ADB2-4FD9-94D6-7A581BF74DEE}.AppStore|Any CPU.ActiveCfg = Release|Any CPU
		{1A2CE617-ADB2-4FD9-94D6-7A581BF74DEE}.AppStore|Any CPU.Build.0 = Release|Any CPU
		{1A2CE617-ADB2-4FD9-94D6-7A581BF74DEE}.AppStore|iPhone.ActiveCfg = Release|Any CPU
		{1A2CE617-ADB2-4FD9-94D6-7A581BF74DEE}.AppStore|iPhone.Build.0 = Release|Any CPU
		{1A2CE617-ADB2-4FD9-94D6-7A581BF74DEE}.AppStore|iPhoneSimulator.ActiveCfg = Release|Any CPU
		{1A2CE617-ADB2-4FD9-94D6-7A581BF74DEE}.AppStore|iPhoneSimulator.Build.0 = Release|Any CPU
		{1A2CE617-ADB2-4FD9-94D6-7A581BF74DEE}.Debug|Any CPU.ActiveCfg = Debug|Any CPU
		{1A2CE617-ADB2-4FD9-94D6-7A581BF74DEE}.Debug|Any CPU.Build.0 = Debug|Any CPU
		{1A2CE617-ADB2-4FD9-94D6-7A581BF74DEE}.Debug|iPhone.ActiveCfg = Debug|Any CPU
		{1A2CE617-ADB2-4FD9-94D6-7A581BF74DEE}.Debug|iPhone.Build.0 = Debug|Any CPU
		{1A2CE617-ADB2-4FD9-94D6-7A581BF74DEE}.Debug|iPhoneSimulator.ActiveCfg = Debug|Any CPU
		{1A2CE617-ADB2-4FD9-94D6-7A581BF74DEE}.Debug|iPhoneSimulator.Build.0 = Debug|Any CPU
		{1A2CE617-ADB2-4FD9-94D6-7A581BF74DEE}.Release|Any CPU.ActiveCfg = Release|Any CPU
		{1A2CE617-ADB2-4FD9-94D6-7A581BF74DEE}.Release|Any CPU.Build.0 = Release|Any CPU
		{1A2CE617-ADB2-4FD9-94D6-7A581BF74DEE}.Release|iPhone.ActiveCfg = Release|Any CPU
		{1A2CE617-ADB2-4FD9-94D6-7A581BF74DEE}.Release|iPhone.Build.0 = Release|Any CPU
		{1A2CE617-ADB2-4FD9-94D6-7A581BF74DEE}.Release|iPhoneSimulator.ActiveCfg = Release|Any CPU
		{1A2CE617-ADB2-4FD9-94D6-7A581BF74DEE}.Release|iPhoneSimulator.Build.0 = Release|Any CPU
		{BAD353DA-B96A-40DA-A4EE-795F045DA560}.Ad-Hoc|Any CPU.ActiveCfg = Release|Any CPU
		{BAD353DA-B96A-40DA-A4EE-795F045DA560}.Ad-Hoc|Any CPU.Build.0 = Release|Any CPU
		{BAD353DA-B96A-40DA-A4EE-795F045DA560}.Ad-Hoc|iPhone.ActiveCfg = Release|Any CPU
		{BAD353DA-B96A-40DA-A4EE-795F045DA560}.Ad-Hoc|iPhone.Build.0 = Release|Any CPU
		{BAD353DA-B96A-40DA-A4EE-795F045DA560}.Ad-Hoc|iPhoneSimulator.ActiveCfg = Release|Any CPU
		{BAD353DA-B96A-40DA-A4EE-795F045DA560}.Ad-Hoc|iPhoneSimulator.Build.0 = Release|Any CPU
		{BAD353DA-B96A-40DA-A4EE-795F045DA560}.AppStore|Any CPU.ActiveCfg = Release|Any CPU
		{BAD353DA-B96A-40DA-A4EE-795F045DA560}.AppStore|Any CPU.Build.0 = Release|Any CPU
		{BAD353DA-B96A-40DA-A4EE-795F045DA560}.AppStore|iPhone.ActiveCfg = Release|Any CPU
		{BAD353DA-B96A-40DA-A4EE-795F045DA560}.AppStore|iPhone.Build.0 = Release|Any CPU
		{BAD353DA-B96A-40DA-A4EE-795F045DA560}.AppStore|iPhoneSimulator.ActiveCfg = Release|Any CPU
		{BAD353DA-B96A-40DA-A4EE-795F045DA560}.AppStore|iPhoneSimulator.Build.0 = Release|Any CPU
		{BAD353DA-B96A-40DA-A4EE-795F045DA560}.Debug|Any CPU.ActiveCfg = Debug|Any CPU
		{BAD353DA-B96A-40DA-A4EE-795F045DA560}.Debug|Any CPU.Build.0 = Debug|Any CPU
		{BAD353DA-B96A-40DA-A4EE-795F045DA560}.Debug|iPhone.ActiveCfg = Debug|Any CPU
		{BAD353DA-B96A-40DA-A4EE-795F045DA560}.Debug|iPhone.Build.0 = Debug|Any CPU
		{BAD353DA-B96A-40DA-A4EE-795F045DA560}.Debug|iPhoneSimulator.ActiveCfg = Debug|Any CPU
		{BAD353DA-B96A-40DA-A4EE-795F045DA560}.Debug|iPhoneSimulator.Build.0 = Debug|Any CPU
		{BAD353DA-B96A-40DA-A4EE-795F045DA560}.Release|Any CPU.ActiveCfg = Release|Any CPU
		{BAD353DA-B96A-40DA-A4EE-795F045DA560}.Release|Any CPU.Build.0 = Release|Any CPU
		{BAD353DA-B96A-40DA-A4EE-795F045DA560}.Release|iPhone.ActiveCfg = Release|Any CPU
		{BAD353DA-B96A-40DA-A4EE-795F045DA560}.Release|iPhone.Build.0 = Release|Any CPU
		{BAD353DA-B96A-40DA-A4EE-795F045DA560}.Release|iPhoneSimulator.ActiveCfg = Release|Any CPU
		{BAD353DA-B96A-40DA-A4EE-795F045DA560}.Release|iPhoneSimulator.Build.0 = Release|Any CPU
		{36355591-C505-4245-BD86-605B54E9004C}.Ad-Hoc|Any CPU.ActiveCfg = Debug|Any CPU
		{36355591-C505-4245-BD86-605B54E9004C}.Ad-Hoc|Any CPU.Build.0 = Debug|Any CPU
		{36355591-C505-4245-BD86-605B54E9004C}.Ad-Hoc|iPhone.ActiveCfg = Debug|Any CPU
		{36355591-C505-4245-BD86-605B54E9004C}.Ad-Hoc|iPhone.Build.0 = Debug|Any CPU
		{36355591-C505-4245-BD86-605B54E9004C}.Ad-Hoc|iPhoneSimulator.ActiveCfg = Debug|Any CPU
		{36355591-C505-4245-BD86-605B54E9004C}.Ad-Hoc|iPhoneSimulator.Build.0 = Debug|Any CPU
		{36355591-C505-4245-BD86-605B54E9004C}.AppStore|Any CPU.ActiveCfg = Debug|Any CPU
		{36355591-C505-4245-BD86-605B54E9004C}.AppStore|Any CPU.Build.0 = Debug|Any CPU
		{36355591-C505-4245-BD86-605B54E9004C}.AppStore|iPhone.ActiveCfg = Debug|Any CPU
		{36355591-C505-4245-BD86-605B54E9004C}.AppStore|iPhone.Build.0 = Debug|Any CPU
		{36355591-C505-4245-BD86-605B54E9004C}.AppStore|iPhoneSimulator.ActiveCfg = Debug|Any CPU
		{36355591-C505-4245-BD86-605B54E9004C}.AppStore|iPhoneSimulator.Build.0 = Debug|Any CPU
		{36355591-C505-4245-BD86-605B54E9004C}.Debug|Any CPU.ActiveCfg = Debug|Any CPU
		{36355591-C505-4245-BD86-605B54E9004C}.Debug|Any CPU.Build.0 = Debug|Any CPU
		{36355591-C505-4245-BD86-605B54E9004C}.Debug|iPhone.ActiveCfg = Debug|Any CPU
		{36355591-C505-4245-BD86-605B54E9004C}.Debug|iPhone.Build.0 = Debug|Any CPU
		{36355591-C505-4245-BD86-605B54E9004C}.Debug|iPhoneSimulator.ActiveCfg = Debug|Any CPU
		{36355591-C505-4245-BD86-605B54E9004C}.Debug|iPhoneSimulator.Build.0 = Debug|Any CPU
		{36355591-C505-4245-BD86-605B54E9004C}.Release|Any CPU.ActiveCfg = Release|Any CPU
		{36355591-C505-4245-BD86-605B54E9004C}.Release|Any CPU.Build.0 = Release|Any CPU
		{36355591-C505-4245-BD86-605B54E9004C}.Release|iPhone.ActiveCfg = Release|Any CPU
		{36355591-C505-4245-BD86-605B54E9004C}.Release|iPhone.Build.0 = Release|Any CPU
		{36355591-C505-4245-BD86-605B54E9004C}.Release|iPhoneSimulator.ActiveCfg = Release|Any CPU
		{36355591-C505-4245-BD86-605B54E9004C}.Release|iPhoneSimulator.Build.0 = Release|Any CPU
	EndGlobalSection
	GlobalSection(SolutionProperties) = preSolution
		HideSolutionNode = FALSE
	EndGlobalSection
	GlobalSection(ExtensibilityGlobals) = postSolution
		SolutionGuid = {3FFC3DF7-3268-4F3C-B2D6-2C2BF76698F0}
	EndGlobalSection
EndGlobal
