
Microsoft Visual Studio Solution File, Format Version 12.00
# Visual Studio 15
VisualStudioVersion = 15.0.26730.12
MinimumVisualStudioVersion = 10.0.40219.1
Project("{FAE04EC0-301F-11D3-BF4B-00C04F79EFBC}") = "XamarinApp.Android", "XamarinApp\XamarinApp.Android\XamarinApp.Android.csproj", "{604732D8-F236-4C8A-97B2-4D614A9509EE}"
EndProject
Project("{FAE04EC0-301F-11D3-BF4B-00C04F79EFBC}") = "XamarinApp", "XamarinApp\XamarinApp\XamarinApp.csproj", "{6847605D-0543-48DA-8981-4D2FC308A9A1}"
EndProject
Project("{FAE04EC0-301F-11D3-BF4B-00C04F79EFBC}") = "XamarinApp.iOS", "XamarinApp\XamarinApp.iOS\XamarinApp.iOS.csproj", "{C6D6FE55-C169-4755-A184-AEC3052DF05F}"
EndProject
Project("{FAE04EC0-301F-11D3-BF4B-00C04F79EFBC}") = "Shared", "Shared\Shared.csproj", "{C499DFCC-5632-4C0E-91D8-3035F3E03D18}"
EndProject
Global
	GlobalSection(SolutionConfigurationPlatforms) = preSolution
		Ad-Hoc|Any CPU = Ad-Hoc|Any CPU
		Ad-Hoc|iPhone = Ad-Hoc|iPhone
		Ad-Hoc|iPhoneSimulator = Ad-Hoc|iPhoneSimulator
		AppStore|Any CPU = AppStore|Any CPU
		AppStore|iPhone = AppStore|iPhone
		AppStore|iPhoneSimulator = AppStore|iPhoneSimulator
		Debug|Any CPU = Debug|Any CPU
		Debug|iPhone = Debug|iPhone
		Debug|iPhoneSimulator = Debug|iPhoneSimulator
		Release|Any CPU = Release|Any CPU
		Release|iPhone = Release|iPhone
		Release|iPhoneSimulator = Release|iPhoneSimulator
	EndGlobalSection
	GlobalSection(ProjectConfigurationPlatforms) = postSolution
		{604732D8-F236-4C8A-97B2-4D614A9509EE}.Ad-Hoc|Any CPU.ActiveCfg = Release|Any CPU
		{604732D8-F236-4C8A-97B2-4D614A9509EE}.Ad-Hoc|Any CPU.Build.0 = Release|Any CPU
		{604732D8-F236-4C8A-97B2-4D614A9509EE}.Ad-Hoc|Any CPU.Deploy.0 = Release|Any CPU
		{604732D8-F236-4C8A-97B2-4D614A9509EE}.Ad-Hoc|iPhone.ActiveCfg = Release|Any CPU
		{604732D8-F236-4C8A-97B2-4D614A9509EE}.Ad-Hoc|iPhone.Build.0 = Release|Any CPU
		{604732D8-F236-4C8A-97B2-4D614A9509EE}.Ad-Hoc|iPhone.Deploy.0 = Release|Any CPU
		{604732D8-F236-4C8A-97B2-4D614A9509EE}.Ad-Hoc|iPhoneSimulator.ActiveCfg = Release|Any CPU
		{604732D8-F236-4C8A-97B2-4D614A9509EE}.Ad-Hoc|iPhoneSimulator.Build.0 = Release|Any CPU
		{604732D8-F236-4C8A-97B2-4D614A9509EE}.Ad-Hoc|iPhoneSimulator.Deploy.0 = Release|Any CPU
		{604732D8-F236-4C8A-97B2-4D614A9509EE}.AppStore|Any CPU.ActiveCfg = Release|Any CPU
		{604732D8-F236-4C8A-97B2-4D614A9509EE}.AppStore|Any CPU.Build.0 = Release|Any CPU
		{604732D8-F236-4C8A-97B2-4D614A9509EE}.AppStore|Any CPU.Deploy.0 = Release|Any CPU
		{604732D8-F236-4C8A-97B2-4D614A9509EE}.AppStore|iPhone.ActiveCfg = Release|Any CPU
		{604732D8-F236-4C8A-97B2-4D614A9509EE}.AppStore|iPhone.Build.0 = Release|Any CPU
		{604732D8-F236-4C8A-97B2-4D614A9509EE}.AppStore|iPhone.Deploy.0 = Release|Any CPU
		{604732D8-F236-4C8A-97B2-4D614A9509EE}.AppStore|iPhoneSimulator.ActiveCfg = Release|Any CPU
		{604732D8-F236-4C8A-97B2-4D614A9509EE}.AppStore|iPhoneSimulator.Build.0 = Release|Any CPU
		{604732D8-F236-4C8A-97B2-4D614A9509EE}.AppStore|iPhoneSimulator.Deploy.0 = Release|Any CPU
		{604732D8-F236-4C8A-97B2-4D614A9509EE}.Debug|Any CPU.ActiveCfg = Debug|Any CPU
		{604732D8-F236-4C8A-97B2-4D614A9509EE}.Debug|Any CPU.Build.0 = Debug|Any CPU
		{604732D8-F236-4C8A-97B2-4D614A9509EE}.Debug|Any CPU.Deploy.0 = Debug|Any CPU
		{604732D8-F236-4C8A-97B2-4D614A9509EE}.Debug|iPhone.ActiveCfg = Debug|Any CPU
		{604732D8-F236-4C8A-97B2-4D614A9509EE}.Debug|iPhone.Build.0 = Debug|Any CPU
		{604732D8-F236-4C8A-97B2-4D614A9509EE}.Debug|iPhone.Deploy.0 = Debug|Any CPU
		{604732D8-F236-4C8A-97B2-4D614A9509EE}.Debug|iPhoneSimulator.ActiveCfg = Debug|Any CPU
		{604732D8-F236-4C8A-97B2-4D614A9509EE}.Debug|iPhoneSimulator.Build.0 = Debug|Any CPU
		{604732D8-F236-4C8A-97B2-4D614A9509EE}.Debug|iPhoneSimulator.Deploy.0 = Debug|Any CPU
		{604732D8-F236-4C8A-97B2-4D614A9509EE}.Release|Any CPU.ActiveCfg = Release|Any CPU
		{604732D8-F236-4C8A-97B2-4D614A9509EE}.Release|Any CPU.Build.0 = Release|Any CPU
		{604732D8-F236-4C8A-97B2-4D614A9509EE}.Release|Any CPU.Deploy.0 = Release|Any CPU
		{604732D8-F236-4C8A-97B2-4D614A9509EE}.Release|iPhone.ActiveCfg = Release|Any CPU
		{604732D8-F236-4C8A-97B2-4D614A9509EE}.Release|iPhone.Build.0 = Release|Any CPU
		{604732D8-F236-4C8A-97B2-4D614A9509EE}.Release|iPhone.Deploy.0 = Release|Any CPU
		{604732D8-F236-4C8A-97B2-4D614A9509EE}.Release|iPhoneSimulator.ActiveCfg = Release|Any CPU
		{604732D8-F236-4C8A-97B2-4D614A9509EE}.Release|iPhoneSimulator.Build.0 = Release|Any CPU
		{604732D8-F236-4C8A-97B2-4D614A9509EE}.Release|iPhoneSimulator.Deploy.0 = Release|Any CPU
		{6847605D-0543-48DA-8981-4D2FC308A9A1}.Ad-Hoc|Any CPU.ActiveCfg = Release|Any CPU
		{6847605D-0543-48DA-8981-4D2FC308A9A1}.Ad-Hoc|Any CPU.Build.0 = Release|Any CPU
		{6847605D-0543-48DA-8981-4D2FC308A9A1}.Ad-Hoc|iPhone.ActiveCfg = Release|Any CPU
		{6847605D-0543-48DA-8981-4D2FC308A9A1}.Ad-Hoc|iPhone.Build.0 = Release|Any CPU
		{6847605D-0543-48DA-8981-4D2FC308A9A1}.Ad-Hoc|iPhoneSimulator.ActiveCfg = Release|Any CPU
		{6847605D-0543-48DA-8981-4D2FC308A9A1}.Ad-Hoc|iPhoneSimulator.Build.0 = Release|Any CPU
		{6847605D-0543-48DA-8981-4D2FC308A9A1}.AppStore|Any CPU.ActiveCfg = Release|Any CPU
		{6847605D-0543-48DA-8981-4D2FC308A9A1}.AppStore|Any CPU.Build.0 = Release|Any CPU
		{6847605D-0543-48DA-8981-4D2FC308A9A1}.AppStore|iPhone.ActiveCfg = Release|Any CPU
		{6847605D-0543-48DA-8981-4D2FC308A9A1}.AppStore|iPhone.Build.0 = Release|Any CPU
		{6847605D-0543-48DA-8981-4D2FC308A9A1}.AppStore|iPhoneSimulator.ActiveCfg = Release|Any CPU
		{6847605D-0543-48DA-8981-4D2FC308A9A1}.AppStore|iPhoneSimulator.Build.0 = Release|Any CPU
		{6847605D-0543-48DA-8981-4D2FC308A9A1}.Debug|Any CPU.ActiveCfg = Debug|Any CPU
		{6847605D-0543-48DA-8981-4D2FC308A9A1}.Debug|Any CPU.Build.0 = Debug|Any CPU
		{6847605D-0543-48DA-8981-4D2FC308A9A1}.Debug|iPhone.ActiveCfg = Debug|Any CPU
		{6847605D-0543-48DA-8981-4D2FC308A9A1}.Debug|iPhone.Build.0 = Debug|Any CPU
		{6847605D-0543-48DA-8981-4D2FC308A9A1}.Debug|iPhoneSimulator.ActiveCfg = Debug|Any CPU
		{6847605D-0543-48DA-8981-4D2FC308A9A1}.Debug|iPhoneSimulator.Build.0 = Debug|Any CPU
		{6847605D-0543-48DA-8981-4D2FC308A9A1}.Release|Any CPU.ActiveCfg = Release|Any CPU
		{6847605D-0543-48DA-8981-4D2FC308A9A1}.Release|Any CPU.Build.0 = Release|Any CPU
		{6847605D-0543-48DA-8981-4D2FC308A9A1}.Release|iPhone.ActiveCfg = Release|Any CPU
		{6847605D-0543-48DA-8981-4D2FC308A9A1}.Release|iPhone.Build.0 = Release|Any CPU
		{6847605D-0543-48DA-8981-4D2FC308A9A1}.Release|iPhoneSimulator.ActiveCfg = Release|Any CPU
		{6847605D-0543-48DA-8981-4D2FC308A9A1}.Release|iPhoneSimulator.Build.0 = Release|Any CPU
		{C6D6FE55-C169-4755-A184-AEC3052DF05F}.Ad-Hoc|Any CPU.ActiveCfg = Ad-Hoc|iPhone
		{C6D6FE55-C169-4755-A184-AEC3052DF05F}.Ad-Hoc|iPhone.ActiveCfg = Ad-Hoc|iPhone
		{C6D6FE55-C169-4755-A184-AEC3052DF05F}.Ad-Hoc|iPhone.Build.0 = Ad-Hoc|iPhone
		{C6D6FE55-C169-4755-A184-AEC3052DF05F}.Ad-Hoc|iPhoneSimulator.ActiveCfg = Ad-Hoc|iPhoneSimulator
		{C6D6FE55-C169-4755-A184-AEC3052DF05F}.Ad-Hoc|iPhoneSimulator.Build.0 = Ad-Hoc|iPhoneSimulator
		{C6D6FE55-C169-4755-A184-AEC3052DF05F}.AppStore|Any CPU.ActiveCfg = AppStore|iPhone
		{C6D6FE55-C169-4755-A184-AEC3052DF05F}.AppStore|iPhone.ActiveCfg = AppStore|iPhone
		{C6D6FE55-C169-4755-A184-AEC3052DF05F}.AppStore|iPhone.Build.0 = AppStore|iPhone
		{C6D6FE55-C169-4755-A184-AEC3052DF05F}.AppStore|iPhoneSimulator.ActiveCfg = AppStore|iPhoneSimulator
		{C6D6FE55-C169-4755-A184-AEC3052DF05F}.AppStore|iPhoneSimulator.Build.0 = AppStore|iPhoneSimulator
		{C6D6FE55-C169-4755-A184-AEC3052DF05F}.Debug|Any CPU.ActiveCfg = Debug|iPhone
		{C6D6FE55-C169-4755-A184-AEC3052DF05F}.Debug|iPhone.ActiveCfg = Debug|iPhone
		{C6D6FE55-C169-4755-A184-AEC3052DF05F}.Debug|iPhone.Build.0 = Debug|iPhone
		{C6D6FE55-C169-4755-A184-AEC3052DF05F}.Debug|iPhoneSimulator.ActiveCfg = Debug|iPhoneSimulator
		{C6D6FE55-C169-4755-A184-AEC3052DF05F}.Debug|iPhoneSimulator.Build.0 = Debug|iPhoneSimulator
		{C6D6FE55-C169-4755-A184-AEC3052DF05F}.Release|Any CPU.ActiveCfg = Release|iPhone
		{C6D6FE55-C169-4755-A184-AEC3052DF05F}.Release|iPhone.ActiveCfg = Release|iPhone
		{C6D6FE55-C169-4755-A184-AEC3052DF05F}.Release|iPhone.Build.0 = Release|iPhone
		{C6D6FE55-C169-4755-A184-AEC3052DF05F}.Release|iPhoneSimulator.ActiveCfg = Release|iPhoneSimulator
		{C6D6FE55-C169-4755-A184-AEC3052DF05F}.Release|iPhoneSimulator.Build.0 = Release|iPhoneSimulator
		{C499DFCC-5632-4C0E-91D8-3035F3E03D18}.Ad-Hoc|Any CPU.ActiveCfg = Debug|Any CPU
		{C499DFCC-5632-4C0E-91D8-3035F3E03D18}.Ad-Hoc|Any CPU.Build.0 = Debug|Any CPU
		{C499DFCC-5632-4C0E-91D8-3035F3E03D18}.Ad-Hoc|iPhone.ActiveCfg = Debug|Any CPU
		{C499DFCC-5632-4C0E-91D8-3035F3E03D18}.Ad-Hoc|iPhone.Build.0 = Debug|Any CPU
		{C499DFCC-5632-4C0E-91D8-3035F3E03D18}.Ad-Hoc|iPhoneSimulator.ActiveCfg = Debug|Any CPU
		{C499DFCC-5632-4C0E-91D8-3035F3E03D18}.Ad-Hoc|iPhoneSimulator.Build.0 = Debug|Any CPU
		{C499DFCC-5632-4C0E-91D8-3035F3E03D18}.AppStore|Any CPU.ActiveCfg = Debug|Any CPU
		{C499DFCC-5632-4C0E-91D8-3035F3E03D18}.AppStore|Any CPU.Build.0 = Debug|Any CPU
		{C499DFCC-5632-4C0E-91D8-3035F3E03D18}.AppStore|iPhone.ActiveCfg = Debug|Any CPU
		{C499DFCC-5632-4C0E-91D8-3035F3E03D18}.AppStore|iPhone.Build.0 = Debug|Any CPU
		{C499DFCC-5632-4C0E-91D8-3035F3E03D18}.AppStore|iPhoneSimulator.ActiveCfg = Debug|Any CPU
		{C499DFCC-5632-4C0E-91D8-3035F3E03D18}.AppStore|iPhoneSimulator.Build.0 = Debug|Any CPU
		{C499DFCC-5632-4C0E-91D8-3035F3E03D18}.Debug|Any CPU.ActiveCfg = Debug|Any CPU
		{C499DFCC-5632-4C0E-91D8-3035F3E03D18}.Debug|Any CPU.Build.0 = Debug|Any CPU
		{C499DFCC-5632-4C0E-91D8-3035F3E03D18}.Debug|iPhone.ActiveCfg = Debug|Any CPU
		{C499DFCC-5632-4C0E-91D8-3035F3E03D18}.Debug|iPhone.Build.0 = Debug|Any CPU
		{C499DFCC-5632-4C0E-91D8-3035F3E03D18}.Debug|iPhoneSimulator.ActiveCfg = Debug|Any CPU
		{C499DFCC-5632-4C0E-91D8-3035F3E03D18}.Debug|iPhoneSimulator.Build.0 = Debug|Any CPU
		{C499DFCC-5632-4C0E-91D8-3035F3E03D18}.Release|Any CPU.ActiveCfg = Release|Any CPU
		{C499DFCC-5632-4C0E-91D8-3035F3E03D18}.Release|Any CPU.Build.0 = Release|Any CPU
		{C499DFCC-5632-4C0E-91D8-3035F3E03D18}.Release|iPhone.ActiveCfg = Release|Any CPU
		{C499DFCC-5632-4C0E-91D8-3035F3E03D18}.Release|iPhone.Build.0 = Release|Any CPU
		{C499DFCC-5632-4C0E-91D8-3035F3E03D18}.Release|iPhoneSimulator.ActiveCfg = Release|Any CPU
		{C499DFCC-5632-4C0E-91D8-3035F3E03D18}.Release|iPhoneSimulator.Build.0 = Release|Any CPU
	EndGlobalSection
	GlobalSection(SolutionProperties) = preSolution
		HideSolutionNode = FALSE
	EndGlobalSection
	GlobalSection(ExtensibilityGlobals) = postSolution
		SolutionGuid = {56A508BF-DE7F-4B6F-BFAD-C1750B952EF4}
	EndGlobalSection
EndGlobal
